
Microsoft Visual Studio Solution File, Format Version 12.00
# Visual Studio 14
VisualStudioVersion = 14.0.21901.1
MinimumVisualStudioVersion = 10.0.40219.1
Project("{2150E333-8FDC-42A3-9474-1A3956D46DE8}") = "Solution Items", "Solution Items", "{C108EF72-EC12-4052-8D5E-2988F52E7854}"
	ProjectSection(SolutionItems) = preProject
		20110124 Epic.Framework.vsmdi = 20110124 Epic.Framework.vsmdi
	EndProjectSection
EndProject
Project("{2150E333-8FDC-42A3-9474-1A3956D46DE8}") = "Testing", "Testing", "{3BD005F5-BE09-4397-996A-7D84E730CB80}"
EndProject
Project("{2150E333-8FDC-42A3-9474-1A3956D46DE8}") = "Data", "Data", "{75B46055-31A4-4CE5-882A-4327E95482F2}"
EndProject
Project("{FAE04EC0-301F-11D3-BF4B-00C04F79EFBC}") = "Epic.Framework", "Epic.Framework\Epic.Framework.csproj", "{8DC2F5A4-A357-4C2B-8C3C-A8C170B48096}"
EndProject
Project("{FAE04EC0-301F-11D3-BF4B-00C04F79EFBC}") = "Epic.Framework.MVC", "Epic.Framwork.MVC\Epic.Framework.MVC.csproj", "{4A711420-A5F5-4947-B18E-A0AA12CA3BD7}"
EndProject
Project("{FAE04EC0-301F-11D3-BF4B-00C04F79EFBC}") = "Epic.Framework.Testing", "Epic.Framework.Testing\Epic.Framework.Testing.csproj", "{4E04D888-9394-4E48-B1E4-02CF26E18B1A}"
EndProject
Project("{FAE04EC0-301F-11D3-BF4B-00C04F79EFBC}") = "Epic.Framework.ConsoleApplication", "Epic.Framework.ConsoleApplication\Epic.Framework.ConsoleApplication.csproj", "{C22F508F-9EE8-4178-8C1E-804DC5348522}"
EndProject
Project("{FAE04EC0-301F-11D3-BF4B-00C04F79EFBC}") = "Epic.Framework.Data", "Epic.Framework.Data\Epic.Framework.Data.csproj", "{47901527-0974-4AB1-BF80-0D4155C7A6A6}"
EndProject
Project("{FAE04EC0-301F-11D3-BF4B-00C04F79EFBC}") = "Epic.Framework.Web", "Epic.Framework.Web\Epic.Framework.Web.csproj", "{5FC6F17E-F98A-4A14-B2AA-DFDEC12F748D}"
EndProject
Project("{FAE04EC0-301F-11D3-BF4B-00C04F79EFBC}") = "Epic.Testing.WebApplication", "Epic.Testing.WebApplication\Epic.Testing.WebApplication.csproj", "{026161A0-3902-4949-9190-6A69C2370473}"
EndProject
Project("{FAE04EC0-301F-11D3-BF4B-00C04F79EFBC}") = "Epic.CodeTemplate", "Epic.CodeTemplate\Epic.CodeTemplate.csproj", "{A5F5A01E-089F-4DB6-B294-0F5F4FF17455}"
EndProject
Project("{FAE04EC0-301F-11D3-BF4B-00C04F79EFBC}") = "Epic.Framework.Data.Mongo", "Epic.Framework.Data.Mongo\Epic.Framework.Data.Mongo.csproj", "{63D800A9-9C8B-46AE-A46E-B4A850293CC9}"
EndProject
Project("{FAE04EC0-301F-11D3-BF4B-00C04F79EFBC}") = "Epic.Framework.Data.Mongo.Samus", "Epic.Framework.Data.Mongo.Samus\Epic.Framework.Data.Mongo.Samus.csproj", "{AD873C5D-C2D4-41CA-B61B-9B7A14153382}"
EndProject
Project("{FAE04EC0-301F-11D3-BF4B-00C04F79EFBC}") = "Epic.Framework.Data.Mongo.Gen10", "Epic.Framework.Data.Mongo.10gen\Epic.Framework.Data.Mongo.Gen10.csproj", "{43D54E89-1DC8-4DD7-861B-4B67AED3933F}"
EndProject
Project("{2150E333-8FDC-42A3-9474-1A3956D46DE8}") = "Agile", "Agile", "{CC3E7086-A5C7-4BAE-BCBD-030D755044B6}"
EndProject
Project("{FAE04EC0-301F-11D3-BF4B-00C04F79EFBC}") = "Epic.Solutions.Framework", "Epic.Solutions.Framework\Epic.Solutions.Framework.csproj", "{112F942F-78B0-4286-BA70-BD52D53B9470}"
EndProject
Project("{FAE04EC0-301F-11D3-BF4B-00C04F79EFBC}") = "Epic.Solutions.Testing", "Epic.Solutions.Testing\Epic.Solutions.Testing.csproj", "{40F3DCE1-4413-4A71-A8FA-2113DFB8B5E5}"
EndProject
Project("{FAE04EC0-301F-11D3-BF4B-00C04F79EFBC}") = "Epic.Solutions.Framework.UnitTestProject", "Epic.Solutions.Framework.UnitTestProject\Epic.Solutions.Framework.UnitTestProject.csproj", "{54EA48D8-A2AA-4F22-9F47-5D213E98CF92}"
EndProject
Project("{FAE04EC0-301F-11D3-BF4B-00C04F79EFBC}") = "Epic.Solutions.Framework.ConsoleApplication", "Epic.Solutions.Framework.ConsoleApplication\Epic.Solutions.Framework.ConsoleApplication.csproj", "{4FCD6D49-80D4-413E-AA37-3A089238ED3D}"
EndProject
Project("{FAE04EC0-301F-11D3-BF4B-00C04F79EFBC}") = "Epic.Solutions.BuildProcessor", "Epic.Solutions.BuildProcessor\Epic.Solutions.BuildProcessor.csproj", "{1E4E710A-4B0B-4A4F-984C-884DFF7BE406}"
EndProject
Project("{2150E333-8FDC-42A3-9474-1A3956D46DE8}") = "OpenAPI", "OpenAPI", "{E6261546-928A-4FAA-B15C-D984BD53B0CD}"
EndProject
Project("{FAE04EC0-301F-11D3-BF4B-00C04F79EFBC}") = "Epic.Framework.OpenAPI", "OpenAPI\Epic.Framework.OpenAPI\Epic.Framework.OpenAPI.csproj", "{625DAA19-6C04-482F-BF9B-A5CA755BA502}"
EndProject
Project("{FAE04EC0-301F-11D3-BF4B-00C04F79EFBC}") = "Epic.Solutions.OpenAPI.Service", "OpenAPI\Epic.Solutions.OpenAPI.Service\Epic.Solutions.OpenAPI.Service.csproj", "{DD01D043-A477-4E44-9FCE-44696FBDE031}"
EndProject
Project("{FAE04EC0-301F-11D3-BF4B-00C04F79EFBC}") = "Epic.Framework.Data.ConsoleApplication", "Data\Epic.Framework.Data.ConsoleApplication\Epic.Framework.Data.ConsoleApplication.csproj", "{548D2D84-6B8A-4B85-B743-9206B7B1A6F8}"
EndProject
Project("{FAE04EC0-301F-11D3-BF4B-00C04F79EFBC}") = "Epic.Framework.Data.SqlServer", "Data\Epic.Framework.Data.SqlServer\Epic.Framework.Data.SqlServer.csproj", "{954C2B11-EF31-47FC-8569-9CC8E421703C}"
EndProject
Project("{2150E333-8FDC-42A3-9474-1A3956D46DE8}") = "Net", "Net", "{7DFC4F88-64C7-47B8-A737-22660E249F37}"
EndProject
Project("{FAE04EC0-301F-11D3-BF4B-00C04F79EFBC}") = "Epic.Net.Framework", "Net\Epic.Net.Framework\Epic.Net.Framework.csproj", "{047CA413-526A-4B73-AA4C-DE6FA0D7C1B5}"
EndProject
Global
	GlobalSection(SolutionConfigurationPlatforms) = preSolution
		Debug|Any CPU = Debug|Any CPU
		Debug|Mixed Platforms = Debug|Mixed Platforms
		Debug|x86 = Debug|x86
		Release|Any CPU = Release|Any CPU
		Release|Mixed Platforms = Release|Mixed Platforms
		Release|x86 = Release|x86
		Web 测试|Any CPU = Web 测试|Any CPU
		Web 测试|Mixed Platforms = Web 测试|Mixed Platforms
		Web 测试|x86 = Web 测试|x86
	EndGlobalSection
	GlobalSection(ProjectConfigurationPlatforms) = postSolution
		{8DC2F5A4-A357-4C2B-8C3C-A8C170B48096}.Debug|Any CPU.ActiveCfg = Debug|Any CPU
		{8DC2F5A4-A357-4C2B-8C3C-A8C170B48096}.Debug|Any CPU.Build.0 = Debug|Any CPU
		{8DC2F5A4-A357-4C2B-8C3C-A8C170B48096}.Debug|Mixed Platforms.ActiveCfg = Debug|Any CPU
		{8DC2F5A4-A357-4C2B-8C3C-A8C170B48096}.Debug|Mixed Platforms.Build.0 = Debug|Any CPU
		{8DC2F5A4-A357-4C2B-8C3C-A8C170B48096}.Debug|x86.ActiveCfg = Debug|Any CPU
		{8DC2F5A4-A357-4C2B-8C3C-A8C170B48096}.Release|Any CPU.ActiveCfg = Release|Any CPU
		{8DC2F5A4-A357-4C2B-8C3C-A8C170B48096}.Release|Any CPU.Build.0 = Release|Any CPU
		{8DC2F5A4-A357-4C2B-8C3C-A8C170B48096}.Release|Mixed Platforms.ActiveCfg = Release|Any CPU
		{8DC2F5A4-A357-4C2B-8C3C-A8C170B48096}.Release|Mixed Platforms.Build.0 = Release|Any CPU
		{8DC2F5A4-A357-4C2B-8C3C-A8C170B48096}.Release|x86.ActiveCfg = Release|Any CPU
		{8DC2F5A4-A357-4C2B-8C3C-A8C170B48096}.Web 测试|Any CPU.ActiveCfg = Web 测试|Any CPU
		{8DC2F5A4-A357-4C2B-8C3C-A8C170B48096}.Web 测试|Any CPU.Build.0 = Web 测试|Any CPU
		{8DC2F5A4-A357-4C2B-8C3C-A8C170B48096}.Web 测试|Mixed Platforms.ActiveCfg = Web 测试|Any CPU
		{8DC2F5A4-A357-4C2B-8C3C-A8C170B48096}.Web 测试|Mixed Platforms.Build.0 = Web 测试|Any CPU
		{8DC2F5A4-A357-4C2B-8C3C-A8C170B48096}.Web 测试|x86.ActiveCfg = Web 测试|Any CPU
		{4A711420-A5F5-4947-B18E-A0AA12CA3BD7}.Debug|Any CPU.ActiveCfg = Debug|Any CPU
		{4A711420-A5F5-4947-B18E-A0AA12CA3BD7}.Debug|Any CPU.Build.0 = Debug|Any CPU
		{4A711420-A5F5-4947-B18E-A0AA12CA3BD7}.Debug|Mixed Platforms.ActiveCfg = Debug|Any CPU
		{4A711420-A5F5-4947-B18E-A0AA12CA3BD7}.Debug|Mixed Platforms.Build.0 = Debug|Any CPU
		{4A711420-A5F5-4947-B18E-A0AA12CA3BD7}.Debug|x86.ActiveCfg = Debug|Any CPU
		{4A711420-A5F5-4947-B18E-A0AA12CA3BD7}.Release|Any CPU.ActiveCfg = Release|Any CPU
		{4A711420-A5F5-4947-B18E-A0AA12CA3BD7}.Release|Any CPU.Build.0 = Release|Any CPU
		{4A711420-A5F5-4947-B18E-A0AA12CA3BD7}.Release|Mixed Platforms.ActiveCfg = Release|Any CPU
		{4A711420-A5F5-4947-B18E-A0AA12CA3BD7}.Release|Mixed Platforms.Build.0 = Release|Any CPU
		{4A711420-A5F5-4947-B18E-A0AA12CA3BD7}.Release|x86.ActiveCfg = Release|Any CPU
		{4A711420-A5F5-4947-B18E-A0AA12CA3BD7}.Web 测试|Any CPU.ActiveCfg = Release|Any CPU
		{4A711420-A5F5-4947-B18E-A0AA12CA3BD7}.Web 测试|Any CPU.Build.0 = Release|Any CPU
		{4A711420-A5F5-4947-B18E-A0AA12CA3BD7}.Web 测试|Mixed Platforms.ActiveCfg = Release|Any CPU
		{4A711420-A5F5-4947-B18E-A0AA12CA3BD7}.Web 测试|Mixed Platforms.Build.0 = Release|Any CPU
		{4A711420-A5F5-4947-B18E-A0AA12CA3BD7}.Web 测试|x86.ActiveCfg = Release|Any CPU
		{4E04D888-9394-4E48-B1E4-02CF26E18B1A}.Debug|Any CPU.ActiveCfg = Debug|Any CPU
		{4E04D888-9394-4E48-B1E4-02CF26E18B1A}.Debug|Any CPU.Build.0 = Debug|Any CPU
		{4E04D888-9394-4E48-B1E4-02CF26E18B1A}.Debug|Mixed Platforms.ActiveCfg = Debug|Any CPU
		{4E04D888-9394-4E48-B1E4-02CF26E18B1A}.Debug|Mixed Platforms.Build.0 = Debug|Any CPU
		{4E04D888-9394-4E48-B1E4-02CF26E18B1A}.Debug|x86.ActiveCfg = Debug|Any CPU
		{4E04D888-9394-4E48-B1E4-02CF26E18B1A}.Release|Any CPU.ActiveCfg = Release|Any CPU
		{4E04D888-9394-4E48-B1E4-02CF26E18B1A}.Release|Any CPU.Build.0 = Release|Any CPU
		{4E04D888-9394-4E48-B1E4-02CF26E18B1A}.Release|Mixed Platforms.ActiveCfg = Release|Any CPU
		{4E04D888-9394-4E48-B1E4-02CF26E18B1A}.Release|Mixed Platforms.Build.0 = Release|Any CPU
		{4E04D888-9394-4E48-B1E4-02CF26E18B1A}.Release|x86.ActiveCfg = Release|Any CPU
		{4E04D888-9394-4E48-B1E4-02CF26E18B1A}.Web 测试|Any CPU.ActiveCfg = Release|Any CPU
		{4E04D888-9394-4E48-B1E4-02CF26E18B1A}.Web 测试|Any CPU.Build.0 = Release|Any CPU
		{4E04D888-9394-4E48-B1E4-02CF26E18B1A}.Web 测试|Mixed Platforms.ActiveCfg = Release|Any CPU
		{4E04D888-9394-4E48-B1E4-02CF26E18B1A}.Web 测试|Mixed Platforms.Build.0 = Release|Any CPU
		{4E04D888-9394-4E48-B1E4-02CF26E18B1A}.Web 测试|x86.ActiveCfg = Release|Any CPU
		{C22F508F-9EE8-4178-8C1E-804DC5348522}.Debug|Any CPU.ActiveCfg = Debug|Any CPU
		{C22F508F-9EE8-4178-8C1E-804DC5348522}.Debug|Any CPU.Build.0 = Debug|Any CPU
		{C22F508F-9EE8-4178-8C1E-804DC5348522}.Debug|Mixed Platforms.ActiveCfg = Debug|Any CPU
		{C22F508F-9EE8-4178-8C1E-804DC5348522}.Debug|Mixed Platforms.Build.0 = Debug|Any CPU
		{C22F508F-9EE8-4178-8C1E-804DC5348522}.Debug|x86.ActiveCfg = Debug|Any CPU
		{C22F508F-9EE8-4178-8C1E-804DC5348522}.Release|Any CPU.ActiveCfg = Release|Any CPU
		{C22F508F-9EE8-4178-8C1E-804DC5348522}.Release|Any CPU.Build.0 = Release|Any CPU
		{C22F508F-9EE8-4178-8C1E-804DC5348522}.Release|Mixed Platforms.ActiveCfg = Release|Any CPU
		{C22F508F-9EE8-4178-8C1E-804DC5348522}.Release|Mixed Platforms.Build.0 = Release|Any CPU
		{C22F508F-9EE8-4178-8C1E-804DC5348522}.Release|x86.ActiveCfg = Release|Any CPU
		{C22F508F-9EE8-4178-8C1E-804DC5348522}.Web 测试|Any CPU.ActiveCfg = Release|Any CPU
		{C22F508F-9EE8-4178-8C1E-804DC5348522}.Web 测试|Any CPU.Build.0 = Release|Any CPU
		{C22F508F-9EE8-4178-8C1E-804DC5348522}.Web 测试|Mixed Platforms.ActiveCfg = Release|Any CPU
		{C22F508F-9EE8-4178-8C1E-804DC5348522}.Web 测试|Mixed Platforms.Build.0 = Release|Any CPU
		{C22F508F-9EE8-4178-8C1E-804DC5348522}.Web 测试|x86.ActiveCfg = Release|Any CPU
		{47901527-0974-4AB1-BF80-0D4155C7A6A6}.Debug|Any CPU.ActiveCfg = Debug|Any CPU
		{47901527-0974-4AB1-BF80-0D4155C7A6A6}.Debug|Any CPU.Build.0 = Debug|Any CPU
		{47901527-0974-4AB1-BF80-0D4155C7A6A6}.Debug|Mixed Platforms.ActiveCfg = Debug|Any CPU
		{47901527-0974-4AB1-BF80-0D4155C7A6A6}.Debug|Mixed Platforms.Build.0 = Debug|Any CPU
		{47901527-0974-4AB1-BF80-0D4155C7A6A6}.Debug|x86.ActiveCfg = Debug|Any CPU
		{47901527-0974-4AB1-BF80-0D4155C7A6A6}.Release|Any CPU.ActiveCfg = Release|Any CPU
		{47901527-0974-4AB1-BF80-0D4155C7A6A6}.Release|Any CPU.Build.0 = Release|Any CPU
		{47901527-0974-4AB1-BF80-0D4155C7A6A6}.Release|Mixed Platforms.ActiveCfg = Release|Any CPU
		{47901527-0974-4AB1-BF80-0D4155C7A6A6}.Release|Mixed Platforms.Build.0 = Release|Any CPU
		{47901527-0974-4AB1-BF80-0D4155C7A6A6}.Release|x86.ActiveCfg = Release|Any CPU
		{47901527-0974-4AB1-BF80-0D4155C7A6A6}.Web 测试|Any CPU.ActiveCfg = Release|Any CPU
		{47901527-0974-4AB1-BF80-0D4155C7A6A6}.Web 测试|Any CPU.Build.0 = Release|Any CPU
		{47901527-0974-4AB1-BF80-0D4155C7A6A6}.Web 测试|Mixed Platforms.ActiveCfg = Release|Any CPU
		{47901527-0974-4AB1-BF80-0D4155C7A6A6}.Web 测试|Mixed Platforms.Build.0 = Release|Any CPU
		{47901527-0974-4AB1-BF80-0D4155C7A6A6}.Web 测试|x86.ActiveCfg = Release|Any CPU
		{5FC6F17E-F98A-4A14-B2AA-DFDEC12F748D}.Debug|Any CPU.ActiveCfg = Debug|Any CPU
		{5FC6F17E-F98A-4A14-B2AA-DFDEC12F748D}.Debug|Any CPU.Build.0 = Debug|Any CPU
		{5FC6F17E-F98A-4A14-B2AA-DFDEC12F748D}.Debug|Mixed Platforms.ActiveCfg = Debug|Any CPU
		{5FC6F17E-F98A-4A14-B2AA-DFDEC12F748D}.Debug|Mixed Platforms.Build.0 = Debug|Any CPU
		{5FC6F17E-F98A-4A14-B2AA-DFDEC12F748D}.Debug|x86.ActiveCfg = Debug|Any CPU
		{5FC6F17E-F98A-4A14-B2AA-DFDEC12F748D}.Release|Any CPU.ActiveCfg = Release|Any CPU
		{5FC6F17E-F98A-4A14-B2AA-DFDEC12F748D}.Release|Any CPU.Build.0 = Release|Any CPU
		{5FC6F17E-F98A-4A14-B2AA-DFDEC12F748D}.Release|Mixed Platforms.ActiveCfg = Release|Any CPU
		{5FC6F17E-F98A-4A14-B2AA-DFDEC12F748D}.Release|Mixed Platforms.Build.0 = Release|Any CPU
		{5FC6F17E-F98A-4A14-B2AA-DFDEC12F748D}.Release|x86.ActiveCfg = Release|Any CPU
		{5FC6F17E-F98A-4A14-B2AA-DFDEC12F748D}.Web 测试|Any CPU.ActiveCfg = Release|Any CPU
		{5FC6F17E-F98A-4A14-B2AA-DFDEC12F748D}.Web 测试|Any CPU.Build.0 = Release|Any CPU
		{5FC6F17E-F98A-4A14-B2AA-DFDEC12F748D}.Web 测试|Mixed Platforms.ActiveCfg = Release|Any CPU
		{5FC6F17E-F98A-4A14-B2AA-DFDEC12F748D}.Web 测试|Mixed Platforms.Build.0 = Release|Any CPU
		{5FC6F17E-F98A-4A14-B2AA-DFDEC12F748D}.Web 测试|x86.ActiveCfg = Release|Any CPU
		{026161A0-3902-4949-9190-6A69C2370473}.Debug|Any CPU.ActiveCfg = Debug|Any CPU
		{026161A0-3902-4949-9190-6A69C2370473}.Debug|Any CPU.Build.0 = Debug|Any CPU
		{026161A0-3902-4949-9190-6A69C2370473}.Debug|Mixed Platforms.ActiveCfg = Debug|Any CPU
		{026161A0-3902-4949-9190-6A69C2370473}.Debug|Mixed Platforms.Build.0 = Debug|Any CPU
		{026161A0-3902-4949-9190-6A69C2370473}.Debug|x86.ActiveCfg = Debug|Any CPU
		{026161A0-3902-4949-9190-6A69C2370473}.Release|Any CPU.ActiveCfg = Release|Any CPU
		{026161A0-3902-4949-9190-6A69C2370473}.Release|Any CPU.Build.0 = Release|Any CPU
		{026161A0-3902-4949-9190-6A69C2370473}.Release|Mixed Platforms.ActiveCfg = Release|Any CPU
		{026161A0-3902-4949-9190-6A69C2370473}.Release|Mixed Platforms.Build.0 = Release|Any CPU
		{026161A0-3902-4949-9190-6A69C2370473}.Release|x86.ActiveCfg = Release|Any CPU
		{026161A0-3902-4949-9190-6A69C2370473}.Web 测试|Any CPU.ActiveCfg = Release|Any CPU
		{026161A0-3902-4949-9190-6A69C2370473}.Web 测试|Any CPU.Build.0 = Release|Any CPU
		{026161A0-3902-4949-9190-6A69C2370473}.Web 测试|Mixed Platforms.ActiveCfg = Release|Any CPU
		{026161A0-3902-4949-9190-6A69C2370473}.Web 测试|Mixed Platforms.Build.0 = Release|Any CPU
		{026161A0-3902-4949-9190-6A69C2370473}.Web 测试|x86.ActiveCfg = Release|Any CPU
		{A5F5A01E-089F-4DB6-B294-0F5F4FF17455}.Debug|Any CPU.ActiveCfg = Debug|Any CPU
		{A5F5A01E-089F-4DB6-B294-0F5F4FF17455}.Debug|Any CPU.Build.0 = Debug|Any CPU
		{A5F5A01E-089F-4DB6-B294-0F5F4FF17455}.Debug|Mixed Platforms.ActiveCfg = Debug|Any CPU
		{A5F5A01E-089F-4DB6-B294-0F5F4FF17455}.Debug|Mixed Platforms.Build.0 = Debug|Any CPU
		{A5F5A01E-089F-4DB6-B294-0F5F4FF17455}.Debug|x86.ActiveCfg = Debug|Any CPU
		{A5F5A01E-089F-4DB6-B294-0F5F4FF17455}.Release|Any CPU.ActiveCfg = Release|Any CPU
		{A5F5A01E-089F-4DB6-B294-0F5F4FF17455}.Release|Any CPU.Build.0 = Release|Any CPU
		{A5F5A01E-089F-4DB6-B294-0F5F4FF17455}.Release|Mixed Platforms.ActiveCfg = Release|Any CPU
		{A5F5A01E-089F-4DB6-B294-0F5F4FF17455}.Release|Mixed Platforms.Build.0 = Release|Any CPU
		{A5F5A01E-089F-4DB6-B294-0F5F4FF17455}.Release|x86.ActiveCfg = Release|Any CPU
		{A5F5A01E-089F-4DB6-B294-0F5F4FF17455}.Web 测试|Any CPU.ActiveCfg = Release|Any CPU
		{A5F5A01E-089F-4DB6-B294-0F5F4FF17455}.Web 测试|Any CPU.Build.0 = Release|Any CPU
		{A5F5A01E-089F-4DB6-B294-0F5F4FF17455}.Web 测试|Mixed Platforms.ActiveCfg = Release|Any CPU
		{A5F5A01E-089F-4DB6-B294-0F5F4FF17455}.Web 测试|Mixed Platforms.Build.0 = Release|Any CPU
		{A5F5A01E-089F-4DB6-B294-0F5F4FF17455}.Web 测试|x86.ActiveCfg = Release|Any CPU
		{63D800A9-9C8B-46AE-A46E-B4A850293CC9}.Debug|Any CPU.ActiveCfg = Debug|Any CPU
		{63D800A9-9C8B-46AE-A46E-B4A850293CC9}.Debug|Any CPU.Build.0 = Debug|Any CPU
		{63D800A9-9C8B-46AE-A46E-B4A850293CC9}.Debug|Mixed Platforms.ActiveCfg = Debug|Any CPU
		{63D800A9-9C8B-46AE-A46E-B4A850293CC9}.Debug|Mixed Platforms.Build.0 = Debug|Any CPU
		{63D800A9-9C8B-46AE-A46E-B4A850293CC9}.Debug|x86.ActiveCfg = Debug|Any CPU
		{63D800A9-9C8B-46AE-A46E-B4A850293CC9}.Release|Any CPU.ActiveCfg = Release|Any CPU
		{63D800A9-9C8B-46AE-A46E-B4A850293CC9}.Release|Any CPU.Build.0 = Release|Any CPU
		{63D800A9-9C8B-46AE-A46E-B4A850293CC9}.Release|Mixed Platforms.ActiveCfg = Release|Any CPU
		{63D800A9-9C8B-46AE-A46E-B4A850293CC9}.Release|Mixed Platforms.Build.0 = Release|Any CPU
		{63D800A9-9C8B-46AE-A46E-B4A850293CC9}.Release|x86.ActiveCfg = Release|Any CPU
		{63D800A9-9C8B-46AE-A46E-B4A850293CC9}.Web 测试|Any CPU.ActiveCfg = Release|Any CPU
		{63D800A9-9C8B-46AE-A46E-B4A850293CC9}.Web 测试|Any CPU.Build.0 = Release|Any CPU
		{63D800A9-9C8B-46AE-A46E-B4A850293CC9}.Web 测试|Mixed Platforms.ActiveCfg = Release|Any CPU
		{63D800A9-9C8B-46AE-A46E-B4A850293CC9}.Web 测试|Mixed Platforms.Build.0 = Release|Any CPU
		{63D800A9-9C8B-46AE-A46E-B4A850293CC9}.Web 测试|x86.ActiveCfg = Release|Any CPU
		{AD873C5D-C2D4-41CA-B61B-9B7A14153382}.Debug|Any CPU.ActiveCfg = Debug|Any CPU
		{AD873C5D-C2D4-41CA-B61B-9B7A14153382}.Debug|Any CPU.Build.0 = Debug|Any CPU
		{AD873C5D-C2D4-41CA-B61B-9B7A14153382}.Debug|Mixed Platforms.ActiveCfg = Debug|Any CPU
		{AD873C5D-C2D4-41CA-B61B-9B7A14153382}.Debug|Mixed Platforms.Build.0 = Debug|Any CPU
		{AD873C5D-C2D4-41CA-B61B-9B7A14153382}.Debug|x86.ActiveCfg = Debug|Any CPU
		{AD873C5D-C2D4-41CA-B61B-9B7A14153382}.Release|Any CPU.ActiveCfg = Release|Any CPU
		{AD873C5D-C2D4-41CA-B61B-9B7A14153382}.Release|Any CPU.Build.0 = Release|Any CPU
		{AD873C5D-C2D4-41CA-B61B-9B7A14153382}.Release|Mixed Platforms.ActiveCfg = Release|Any CPU
		{AD873C5D-C2D4-41CA-B61B-9B7A14153382}.Release|Mixed Platforms.Build.0 = Release|Any CPU
		{AD873C5D-C2D4-41CA-B61B-9B7A14153382}.Release|x86.ActiveCfg = Release|Any CPU
		{AD873C5D-C2D4-41CA-B61B-9B7A14153382}.Web 测试|Any CPU.ActiveCfg = Release|Any CPU
		{AD873C5D-C2D4-41CA-B61B-9B7A14153382}.Web 测试|Any CPU.Build.0 = Release|Any CPU
		{AD873C5D-C2D4-41CA-B61B-9B7A14153382}.Web 测试|Mixed Platforms.ActiveCfg = Release|Any CPU
		{AD873C5D-C2D4-41CA-B61B-9B7A14153382}.Web 测试|Mixed Platforms.Build.0 = Release|Any CPU
		{AD873C5D-C2D4-41CA-B61B-9B7A14153382}.Web 测试|x86.ActiveCfg = Release|Any CPU
		{43D54E89-1DC8-4DD7-861B-4B67AED3933F}.Debug|Any CPU.ActiveCfg = Debug|Any CPU
		{43D54E89-1DC8-4DD7-861B-4B67AED3933F}.Debug|Any CPU.Build.0 = Debug|Any CPU
		{43D54E89-1DC8-4DD7-861B-4B67AED3933F}.Debug|Mixed Platforms.ActiveCfg = Debug|Any CPU
		{43D54E89-1DC8-4DD7-861B-4B67AED3933F}.Debug|Mixed Platforms.Build.0 = Debug|Any CPU
		{43D54E89-1DC8-4DD7-861B-4B67AED3933F}.Debug|x86.ActiveCfg = Debug|Any CPU
		{43D54E89-1DC8-4DD7-861B-4B67AED3933F}.Release|Any CPU.ActiveCfg = Release|Any CPU
		{43D54E89-1DC8-4DD7-861B-4B67AED3933F}.Release|Any CPU.Build.0 = Release|Any CPU
		{43D54E89-1DC8-4DD7-861B-4B67AED3933F}.Release|Mixed Platforms.ActiveCfg = Release|Any CPU
		{43D54E89-1DC8-4DD7-861B-4B67AED3933F}.Release|Mixed Platforms.Build.0 = Release|Any CPU
		{43D54E89-1DC8-4DD7-861B-4B67AED3933F}.Release|x86.ActiveCfg = Release|Any CPU
		{43D54E89-1DC8-4DD7-861B-4B67AED3933F}.Web 测试|Any CPU.ActiveCfg = Release|Any CPU
		{43D54E89-1DC8-4DD7-861B-4B67AED3933F}.Web 测试|Any CPU.Build.0 = Release|Any CPU
		{43D54E89-1DC8-4DD7-861B-4B67AED3933F}.Web 测试|Mixed Platforms.ActiveCfg = Release|Any CPU
		{43D54E89-1DC8-4DD7-861B-4B67AED3933F}.Web 测试|Mixed Platforms.Build.0 = Release|Any CPU
		{43D54E89-1DC8-4DD7-861B-4B67AED3933F}.Web 测试|x86.ActiveCfg = Release|Any CPU
		{112F942F-78B0-4286-BA70-BD52D53B9470}.Debug|Any CPU.ActiveCfg = Debug|Any CPU
		{112F942F-78B0-4286-BA70-BD52D53B9470}.Debug|Any CPU.Build.0 = Debug|Any CPU
		{112F942F-78B0-4286-BA70-BD52D53B9470}.Debug|Mixed Platforms.ActiveCfg = Debug|Any CPU
		{112F942F-78B0-4286-BA70-BD52D53B9470}.Debug|Mixed Platforms.Build.0 = Debug|Any CPU
		{112F942F-78B0-4286-BA70-BD52D53B9470}.Debug|x86.ActiveCfg = Debug|Any CPU
		{112F942F-78B0-4286-BA70-BD52D53B9470}.Release|Any CPU.ActiveCfg = Release|Any CPU
		{112F942F-78B0-4286-BA70-BD52D53B9470}.Release|Any CPU.Build.0 = Release|Any CPU
		{112F942F-78B0-4286-BA70-BD52D53B9470}.Release|Mixed Platforms.ActiveCfg = Release|Any CPU
		{112F942F-78B0-4286-BA70-BD52D53B9470}.Release|Mixed Platforms.Build.0 = Release|Any CPU
		{112F942F-78B0-4286-BA70-BD52D53B9470}.Release|x86.ActiveCfg = Release|Any CPU
		{112F942F-78B0-4286-BA70-BD52D53B9470}.Web 测试|Any CPU.ActiveCfg = Release|Any CPU
		{112F942F-78B0-4286-BA70-BD52D53B9470}.Web 测试|Any CPU.Build.0 = Release|Any CPU
		{112F942F-78B0-4286-BA70-BD52D53B9470}.Web 测试|Mixed Platforms.ActiveCfg = Release|Any CPU
		{112F942F-78B0-4286-BA70-BD52D53B9470}.Web 测试|Mixed Platforms.Build.0 = Release|Any CPU
		{112F942F-78B0-4286-BA70-BD52D53B9470}.Web 测试|x86.ActiveCfg = Release|Any CPU
		{40F3DCE1-4413-4A71-A8FA-2113DFB8B5E5}.Debug|Any CPU.ActiveCfg = Debug|Any CPU
		{40F3DCE1-4413-4A71-A8FA-2113DFB8B5E5}.Debug|Any CPU.Build.0 = Debug|Any CPU
		{40F3DCE1-4413-4A71-A8FA-2113DFB8B5E5}.Debug|Mixed Platforms.ActiveCfg = Debug|Any CPU
		{40F3DCE1-4413-4A71-A8FA-2113DFB8B5E5}.Debug|Mixed Platforms.Build.0 = Debug|Any CPU
		{40F3DCE1-4413-4A71-A8FA-2113DFB8B5E5}.Debug|x86.ActiveCfg = Debug|Any CPU
		{40F3DCE1-4413-4A71-A8FA-2113DFB8B5E5}.Release|Any CPU.ActiveCfg = Release|Any CPU
		{40F3DCE1-4413-4A71-A8FA-2113DFB8B5E5}.Release|Any CPU.Build.0 = Release|Any CPU
		{40F3DCE1-4413-4A71-A8FA-2113DFB8B5E5}.Release|Mixed Platforms.ActiveCfg = Release|Any CPU
		{40F3DCE1-4413-4A71-A8FA-2113DFB8B5E5}.Release|Mixed Platforms.Build.0 = Release|Any CPU
		{40F3DCE1-4413-4A71-A8FA-2113DFB8B5E5}.Release|x86.ActiveCfg = Release|Any CPU
		{40F3DCE1-4413-4A71-A8FA-2113DFB8B5E5}.Web 测试|Any CPU.ActiveCfg = Release|Any CPU
		{40F3DCE1-4413-4A71-A8FA-2113DFB8B5E5}.Web 测试|Any CPU.Build.0 = Release|Any CPU
		{40F3DCE1-4413-4A71-A8FA-2113DFB8B5E5}.Web 测试|Mixed Platforms.ActiveCfg = Release|Any CPU
		{40F3DCE1-4413-4A71-A8FA-2113DFB8B5E5}.Web 测试|Mixed Platforms.Build.0 = Release|Any CPU
		{40F3DCE1-4413-4A71-A8FA-2113DFB8B5E5}.Web 测试|x86.ActiveCfg = Release|Any CPU
		{54EA48D8-A2AA-4F22-9F47-5D213E98CF92}.Debug|Any CPU.ActiveCfg = Debug|Any CPU
		{54EA48D8-A2AA-4F22-9F47-5D213E98CF92}.Debug|Any CPU.Build.0 = Debug|Any CPU
		{54EA48D8-A2AA-4F22-9F47-5D213E98CF92}.Debug|Mixed Platforms.ActiveCfg = Debug|Any CPU
		{54EA48D8-A2AA-4F22-9F47-5D213E98CF92}.Debug|Mixed Platforms.Build.0 = Debug|Any CPU
		{54EA48D8-A2AA-4F22-9F47-5D213E98CF92}.Debug|x86.ActiveCfg = Debug|Any CPU
		{54EA48D8-A2AA-4F22-9F47-5D213E98CF92}.Release|Any CPU.ActiveCfg = Release|Any CPU
		{54EA48D8-A2AA-4F22-9F47-5D213E98CF92}.Release|Any CPU.Build.0 = Release|Any CPU
		{54EA48D8-A2AA-4F22-9F47-5D213E98CF92}.Release|Mixed Platforms.ActiveCfg = Release|Any CPU
		{54EA48D8-A2AA-4F22-9F47-5D213E98CF92}.Release|Mixed Platforms.Build.0 = Release|Any CPU
		{54EA48D8-A2AA-4F22-9F47-5D213E98CF92}.Release|x86.ActiveCfg = Release|Any CPU
		{54EA48D8-A2AA-4F22-9F47-5D213E98CF92}.Web 测试|Any CPU.ActiveCfg = Release|Any CPU
		{54EA48D8-A2AA-4F22-9F47-5D213E98CF92}.Web 测试|Any CPU.Build.0 = Release|Any CPU
		{54EA48D8-A2AA-4F22-9F47-5D213E98CF92}.Web 测试|Mixed Platforms.ActiveCfg = Release|Any CPU
		{54EA48D8-A2AA-4F22-9F47-5D213E98CF92}.Web 测试|Mixed Platforms.Build.0 = Release|Any CPU
		{54EA48D8-A2AA-4F22-9F47-5D213E98CF92}.Web 测试|x86.ActiveCfg = Release|Any CPU
		{4FCD6D49-80D4-413E-AA37-3A089238ED3D}.Debug|Any CPU.ActiveCfg = Debug|Any CPU
		{4FCD6D49-80D4-413E-AA37-3A089238ED3D}.Debug|Any CPU.Build.0 = Debug|Any CPU
		{4FCD6D49-80D4-413E-AA37-3A089238ED3D}.Debug|Mixed Platforms.ActiveCfg = Debug|Any CPU
		{4FCD6D49-80D4-413E-AA37-3A089238ED3D}.Debug|Mixed Platforms.Build.0 = Debug|Any CPU
		{4FCD6D49-80D4-413E-AA37-3A089238ED3D}.Debug|x86.ActiveCfg = Debug|Any CPU
		{4FCD6D49-80D4-413E-AA37-3A089238ED3D}.Release|Any CPU.ActiveCfg = Release|Any CPU
		{4FCD6D49-80D4-413E-AA37-3A089238ED3D}.Release|Any CPU.Build.0 = Release|Any CPU
		{4FCD6D49-80D4-413E-AA37-3A089238ED3D}.Release|Mixed Platforms.ActiveCfg = Release|Any CPU
		{4FCD6D49-80D4-413E-AA37-3A089238ED3D}.Release|Mixed Platforms.Build.0 = Release|Any CPU
		{4FCD6D49-80D4-413E-AA37-3A089238ED3D}.Release|x86.ActiveCfg = Release|Any CPU
		{4FCD6D49-80D4-413E-AA37-3A089238ED3D}.Web 测试|Any CPU.ActiveCfg = Release|Any CPU
		{4FCD6D49-80D4-413E-AA37-3A089238ED3D}.Web 测试|Any CPU.Build.0 = Release|Any CPU
		{4FCD6D49-80D4-413E-AA37-3A089238ED3D}.Web 测试|Mixed Platforms.ActiveCfg = Release|Any CPU
		{4FCD6D49-80D4-413E-AA37-3A089238ED3D}.Web 测试|Mixed Platforms.Build.0 = Release|Any CPU
		{4FCD6D49-80D4-413E-AA37-3A089238ED3D}.Web 测试|x86.ActiveCfg = Release|Any CPU
		{1E4E710A-4B0B-4A4F-984C-884DFF7BE406}.Debug|Any CPU.ActiveCfg = Debug|Any CPU
		{1E4E710A-4B0B-4A4F-984C-884DFF7BE406}.Debug|Any CPU.Build.0 = Debug|Any CPU
		{1E4E710A-4B0B-4A4F-984C-884DFF7BE406}.Debug|Mixed Platforms.ActiveCfg = Debug|Any CPU
		{1E4E710A-4B0B-4A4F-984C-884DFF7BE406}.Debug|Mixed Platforms.Build.0 = Debug|Any CPU
		{1E4E710A-4B0B-4A4F-984C-884DFF7BE406}.Debug|x86.ActiveCfg = Debug|Any CPU
		{1E4E710A-4B0B-4A4F-984C-884DFF7BE406}.Release|Any CPU.ActiveCfg = Release|Any CPU
		{1E4E710A-4B0B-4A4F-984C-884DFF7BE406}.Release|Any CPU.Build.0 = Release|Any CPU
		{1E4E710A-4B0B-4A4F-984C-884DFF7BE406}.Release|Mixed Platforms.ActiveCfg = Release|Any CPU
		{1E4E710A-4B0B-4A4F-984C-884DFF7BE406}.Release|Mixed Platforms.Build.0 = Release|Any CPU
		{1E4E710A-4B0B-4A4F-984C-884DFF7BE406}.Release|x86.ActiveCfg = Release|Any CPU
		{1E4E710A-4B0B-4A4F-984C-884DFF7BE406}.Web 测试|Any CPU.ActiveCfg = Release|Any CPU
		{1E4E710A-4B0B-4A4F-984C-884DFF7BE406}.Web 测试|Any CPU.Build.0 = Release|Any CPU
		{1E4E710A-4B0B-4A4F-984C-884DFF7BE406}.Web 测试|Mixed Platforms.ActiveCfg = Release|Any CPU
		{1E4E710A-4B0B-4A4F-984C-884DFF7BE406}.Web 测试|Mixed Platforms.Build.0 = Release|Any CPU
		{1E4E710A-4B0B-4A4F-984C-884DFF7BE406}.Web 测试|x86.ActiveCfg = Release|Any CPU
		{625DAA19-6C04-482F-BF9B-A5CA755BA502}.Debug|Any CPU.ActiveCfg = Debug|Any CPU
		{625DAA19-6C04-482F-BF9B-A5CA755BA502}.Debug|Any CPU.Build.0 = Debug|Any CPU
		{625DAA19-6C04-482F-BF9B-A5CA755BA502}.Debug|Mixed Platforms.ActiveCfg = Debug|Any CPU
		{625DAA19-6C04-482F-BF9B-A5CA755BA502}.Debug|Mixed Platforms.Build.0 = Debug|Any CPU
		{625DAA19-6C04-482F-BF9B-A5CA755BA502}.Debug|x86.ActiveCfg = Debug|Any CPU
		{625DAA19-6C04-482F-BF9B-A5CA755BA502}.Release|Any CPU.ActiveCfg = Release|Any CPU
		{625DAA19-6C04-482F-BF9B-A5CA755BA502}.Release|Any CPU.Build.0 = Release|Any CPU
		{625DAA19-6C04-482F-BF9B-A5CA755BA502}.Release|Mixed Platforms.ActiveCfg = Release|Any CPU
		{625DAA19-6C04-482F-BF9B-A5CA755BA502}.Release|Mixed Platforms.Build.0 = Release|Any CPU
		{625DAA19-6C04-482F-BF9B-A5CA755BA502}.Release|x86.ActiveCfg = Release|Any CPU
		{625DAA19-6C04-482F-BF9B-A5CA755BA502}.Web 测试|Any CPU.ActiveCfg = Release|Any CPU
		{625DAA19-6C04-482F-BF9B-A5CA755BA502}.Web 测试|Any CPU.Build.0 = Release|Any CPU
		{625DAA19-6C04-482F-BF9B-A5CA755BA502}.Web 测试|Mixed Platforms.ActiveCfg = Release|Any CPU
		{625DAA19-6C04-482F-BF9B-A5CA755BA502}.Web 测试|Mixed Platforms.Build.0 = Release|Any CPU
		{625DAA19-6C04-482F-BF9B-A5CA755BA502}.Web 测试|x86.ActiveCfg = Release|Any CPU
		{DD01D043-A477-4E44-9FCE-44696FBDE031}.Debug|Any CPU.ActiveCfg = Debug|Any CPU
		{DD01D043-A477-4E44-9FCE-44696FBDE031}.Debug|Any CPU.Build.0 = Debug|Any CPU
		{DD01D043-A477-4E44-9FCE-44696FBDE031}.Debug|Mixed Platforms.ActiveCfg = Debug|Any CPU
		{DD01D043-A477-4E44-9FCE-44696FBDE031}.Debug|Mixed Platforms.Build.0 = Debug|Any CPU
		{DD01D043-A477-4E44-9FCE-44696FBDE031}.Debug|x86.ActiveCfg = Debug|Any CPU
		{DD01D043-A477-4E44-9FCE-44696FBDE031}.Release|Any CPU.ActiveCfg = Release|Any CPU
		{DD01D043-A477-4E44-9FCE-44696FBDE031}.Release|Any CPU.Build.0 = Release|Any CPU
		{DD01D043-A477-4E44-9FCE-44696FBDE031}.Release|Mixed Platforms.ActiveCfg = Release|Any CPU
		{DD01D043-A477-4E44-9FCE-44696FBDE031}.Release|Mixed Platforms.Build.0 = Release|Any CPU
		{DD01D043-A477-4E44-9FCE-44696FBDE031}.Release|x86.ActiveCfg = Release|Any CPU
		{DD01D043-A477-4E44-9FCE-44696FBDE031}.Web 测试|Any CPU.ActiveCfg = Release|Any CPU
		{DD01D043-A477-4E44-9FCE-44696FBDE031}.Web 测试|Any CPU.Build.0 = Release|Any CPU
		{DD01D043-A477-4E44-9FCE-44696FBDE031}.Web 测试|Mixed Platforms.ActiveCfg = Release|Any CPU
		{DD01D043-A477-4E44-9FCE-44696FBDE031}.Web 测试|Mixed Platforms.Build.0 = Release|Any CPU
		{DD01D043-A477-4E44-9FCE-44696FBDE031}.Web 测试|x86.ActiveCfg = Release|Any CPU
		{548D2D84-6B8A-4B85-B743-9206B7B1A6F8}.Debug|Any CPU.ActiveCfg = Debug|Any CPU
		{548D2D84-6B8A-4B85-B743-9206B7B1A6F8}.Debug|Any CPU.Build.0 = Debug|Any CPU
		{548D2D84-6B8A-4B85-B743-9206B7B1A6F8}.Debug|Mixed Platforms.ActiveCfg = Debug|Any CPU
		{548D2D84-6B8A-4B85-B743-9206B7B1A6F8}.Debug|Mixed Platforms.Build.0 = Debug|Any CPU
		{548D2D84-6B8A-4B85-B743-9206B7B1A6F8}.Debug|x86.ActiveCfg = Debug|Any CPU
		{548D2D84-6B8A-4B85-B743-9206B7B1A6F8}.Release|Any CPU.ActiveCfg = Release|Any CPU
		{548D2D84-6B8A-4B85-B743-9206B7B1A6F8}.Release|Any CPU.Build.0 = Release|Any CPU
		{548D2D84-6B8A-4B85-B743-9206B7B1A6F8}.Release|Mixed Platforms.ActiveCfg = Release|Any CPU
		{548D2D84-6B8A-4B85-B743-9206B7B1A6F8}.Release|Mixed Platforms.Build.0 = Release|Any CPU
		{548D2D84-6B8A-4B85-B743-9206B7B1A6F8}.Release|x86.ActiveCfg = Release|Any CPU
		{548D2D84-6B8A-4B85-B743-9206B7B1A6F8}.Web 测试|Any CPU.ActiveCfg = Release|Any CPU
		{548D2D84-6B8A-4B85-B743-9206B7B1A6F8}.Web 测试|Any CPU.Build.0 = Release|Any CPU
		{548D2D84-6B8A-4B85-B743-9206B7B1A6F8}.Web 测试|Mixed Platforms.ActiveCfg = Release|Any CPU
		{548D2D84-6B8A-4B85-B743-9206B7B1A6F8}.Web 测试|Mixed Platforms.Build.0 = Release|Any CPU
		{548D2D84-6B8A-4B85-B743-9206B7B1A6F8}.Web 测试|x86.ActiveCfg = Release|Any CPU
		{954C2B11-EF31-47FC-8569-9CC8E421703C}.Debug|Any CPU.ActiveCfg = Debug|Any CPU
		{954C2B11-EF31-47FC-8569-9CC8E421703C}.Debug|Any CPU.Build.0 = Debug|Any CPU
		{954C2B11-EF31-47FC-8569-9CC8E421703C}.Debug|Mixed Platforms.ActiveCfg = Debug|Any CPU
		{954C2B11-EF31-47FC-8569-9CC8E421703C}.Debug|Mixed Platforms.Build.0 = Debug|Any CPU
		{954C2B11-EF31-47FC-8569-9CC8E421703C}.Debug|x86.ActiveCfg = Debug|Any CPU
		{954C2B11-EF31-47FC-8569-9CC8E421703C}.Release|Any CPU.ActiveCfg = Release|Any CPU
		{954C2B11-EF31-47FC-8569-9CC8E421703C}.Release|Any CPU.Build.0 = Release|Any CPU
		{954C2B11-EF31-47FC-8569-9CC8E421703C}.Release|Mixed Platforms.ActiveCfg = Release|Any CPU
		{954C2B11-EF31-47FC-8569-9CC8E421703C}.Release|Mixed Platforms.Build.0 = Release|Any CPU
		{954C2B11-EF31-47FC-8569-9CC8E421703C}.Release|x86.ActiveCfg = Release|Any CPU
		{954C2B11-EF31-47FC-8569-9CC8E421703C}.Web 测试|Any CPU.ActiveCfg = Release|Any CPU
		{954C2B11-EF31-47FC-8569-9CC8E421703C}.Web 测试|Any CPU.Build.0 = Release|Any CPU
		{954C2B11-EF31-47FC-8569-9CC8E421703C}.Web 测试|Mixed Platforms.ActiveCfg = Release|Any CPU
		{954C2B11-EF31-47FC-8569-9CC8E421703C}.Web 测试|Mixed Platforms.Build.0 = Release|Any CPU
		{954C2B11-EF31-47FC-8569-9CC8E421703C}.Web 测试|x86.ActiveCfg = Release|Any CPU
		{047CA413-526A-4B73-AA4C-DE6FA0D7C1B5}.Debug|Any CPU.ActiveCfg = Debug|Any CPU
		{047CA413-526A-4B73-AA4C-DE6FA0D7C1B5}.Debug|Any CPU.Build.0 = Debug|Any CPU
		{047CA413-526A-4B73-AA4C-DE6FA0D7C1B5}.Debug|Mixed Platforms.ActiveCfg = Debug|Any CPU
		{047CA413-526A-4B73-AA4C-DE6FA0D7C1B5}.Debug|Mixed Platforms.Build.0 = Debug|Any CPU
		{047CA413-526A-4B73-AA4C-DE6FA0D7C1B5}.Debug|x86.ActiveCfg = Debug|Any CPU
		{047CA413-526A-4B73-AA4C-DE6FA0D7C1B5}.Release|Any CPU.ActiveCfg = Release|Any CPU
		{047CA413-526A-4B73-AA4C-DE6FA0D7C1B5}.Release|Any CPU.Build.0 = Release|Any CPU
		{047CA413-526A-4B73-AA4C-DE6FA0D7C1B5}.Release|Mixed Platforms.ActiveCfg = Release|Any CPU
		{047CA413-526A-4B73-AA4C-DE6FA0D7C1B5}.Release|Mixed Platforms.Build.0 = Release|Any CPU
		{047CA413-526A-4B73-AA4C-DE6FA0D7C1B5}.Release|x86.ActiveCfg = Release|Any CPU
		{047CA413-526A-4B73-AA4C-DE6FA0D7C1B5}.Web 测试|Any CPU.ActiveCfg = Release|Any CPU
		{047CA413-526A-4B73-AA4C-DE6FA0D7C1B5}.Web 测试|Any CPU.Build.0 = Release|Any CPU
		{047CA413-526A-4B73-AA4C-DE6FA0D7C1B5}.Web 测试|Mixed Platforms.ActiveCfg = Release|Any CPU
		{047CA413-526A-4B73-AA4C-DE6FA0D7C1B5}.Web 测试|Mixed Platforms.Build.0 = Release|Any CPU
		{047CA413-526A-4B73-AA4C-DE6FA0D7C1B5}.Web 测试|x86.ActiveCfg = Release|Any CPU
	EndGlobalSection
	GlobalSection(SolutionProperties) = preSolution
		HideSolutionNode = FALSE
	EndGlobalSection
	GlobalSection(NestedProjects) = preSolution
		{4E04D888-9394-4E48-B1E4-02CF26E18B1A} = {3BD005F5-BE09-4397-996A-7D84E730CB80}
		{C22F508F-9EE8-4178-8C1E-804DC5348522} = {3BD005F5-BE09-4397-996A-7D84E730CB80}
		{47901527-0974-4AB1-BF80-0D4155C7A6A6} = {75B46055-31A4-4CE5-882A-4327E95482F2}
		{026161A0-3902-4949-9190-6A69C2370473} = {3BD005F5-BE09-4397-996A-7D84E730CB80}
		{63D800A9-9C8B-46AE-A46E-B4A850293CC9} = {75B46055-31A4-4CE5-882A-4327E95482F2}
		{AD873C5D-C2D4-41CA-B61B-9B7A14153382} = {75B46055-31A4-4CE5-882A-4327E95482F2}
		{43D54E89-1DC8-4DD7-861B-4B67AED3933F} = {75B46055-31A4-4CE5-882A-4327E95482F2}
		{112F942F-78B0-4286-BA70-BD52D53B9470} = {CC3E7086-A5C7-4BAE-BCBD-030D755044B6}
		{40F3DCE1-4413-4A71-A8FA-2113DFB8B5E5} = {3BD005F5-BE09-4397-996A-7D84E730CB80}
		{54EA48D8-A2AA-4F22-9F47-5D213E98CF92} = {CC3E7086-A5C7-4BAE-BCBD-030D755044B6}
		{4FCD6D49-80D4-413E-AA37-3A089238ED3D} = {CC3E7086-A5C7-4BAE-BCBD-030D755044B6}
		{1E4E710A-4B0B-4A4F-984C-884DFF7BE406} = {CC3E7086-A5C7-4BAE-BCBD-030D755044B6}
		{625DAA19-6C04-482F-BF9B-A5CA755BA502} = {E6261546-928A-4FAA-B15C-D984BD53B0CD}
		{DD01D043-A477-4E44-9FCE-44696FBDE031} = {E6261546-928A-4FAA-B15C-D984BD53B0CD}
		{548D2D84-6B8A-4B85-B743-9206B7B1A6F8} = {75B46055-31A4-4CE5-882A-4327E95482F2}
		{954C2B11-EF31-47FC-8569-9CC8E421703C} = {75B46055-31A4-4CE5-882A-4327E95482F2}
		{047CA413-526A-4B73-AA4C-DE6FA0D7C1B5} = {7DFC4F88-64C7-47B8-A737-22660E249F37}
	EndGlobalSection
	GlobalSection(TeamFoundationVersionControl) = preSolution
		SccNumberOfProjects = 22
		SccEnterpriseProvider = {4CA58AB2-18FA-4F8D-95D4-32DDF27D184C}
		SccTeamFoundationServer = https://tfs.codeplex.com/tfs/tfs29
		SccLocalPath0 = .
		SccProjectUniqueName1 = Epic.Framework.ConsoleApplication\\Epic.Framework.ConsoleApplication.csproj
		SccProjectTopLevelParentUniqueName1 = 20110124\u0020Epic.Framework.sln
		SccProjectName1 = Epic.Framework.ConsoleApplication
		SccLocalPath1 = Epic.Framework.ConsoleApplication
		SccProjectUniqueName2 = Epic.Framework.Data\\Epic.Framework.Data.csproj
		SccProjectTopLevelParentUniqueName2 = 20110124\u0020Epic.Framework.sln
		SccProjectName2 = Epic.Framework.Data
		SccLocalPath2 = Epic.Framework.Data
		SccProjectUniqueName3 = Epic.Framework.Testing\\Epic.Framework.Testing.csproj
		SccProjectTopLevelParentUniqueName3 = 20110124\u0020Epic.Framework.sln
		SccProjectName3 = Epic.Framework.Testing
		SccLocalPath3 = Epic.Framework.Testing
		SccProjectUniqueName4 = Epic.Framework.Web\\Epic.Framework.Web.csproj
		SccProjectName4 = Epic.Framework.Web
		SccLocalPath4 = Epic.Framework.Web
		SccProjectUniqueName5 = Epic.Framework\\Epic.Framework.csproj
		SccProjectName5 = Epic.Framework
		SccLocalPath5 = Epic.Framework
		SccProjectUniqueName6 = Epic.Framwork.MVC\\Epic.Framework.MVC.csproj
		SccProjectName6 = Epic.Framwork.MVC
		SccLocalPath6 = Epic.Framwork.MVC
		SccProjectUniqueName7 = Epic.Testing.WebApplication\\Epic.Testing.WebApplication.csproj
		SccProjectTopLevelParentUniqueName7 = 20110124\u0020Epic.Framework.sln
		SccProjectName7 = Epic.Testing.WebApplication
		SccLocalPath7 = Epic.Testing.WebApplication
		SccProjectUniqueName8 = Epic.CodeTemplate\\Epic.CodeTemplate.csproj
		SccProjectName8 = Epic.CodeTemplate
		SccLocalPath8 = Epic.CodeTemplate
		SccProjectUniqueName9 = Epic.Framework.Data.Mongo\\Epic.Framework.Data.Mongo.csproj
		SccProjectTopLevelParentUniqueName9 = 20110124\u0020Epic.Framework.sln
		SccProjectName9 = Epic.Framework.Data.Mongo
		SccLocalPath9 = Epic.Framework.Data.Mongo
		SccProjectUniqueName10 = Epic.Framework.Data.Mongo.Samus\\Epic.Framework.Data.Mongo.Samus.csproj
		SccProjectTopLevelParentUniqueName10 = 20110124\u0020Epic.Framework.sln
		SccProjectName10 = Epic.Framework.Data.Mongo.Samus
		SccLocalPath10 = Epic.Framework.Data.Mongo.Samus
		SccProjectUniqueName11 = Epic.Framework.Data.Mongo.10gen\\Epic.Framework.Data.Mongo.Gen10.csproj
		SccProjectTopLevelParentUniqueName11 = 20110124\u0020Epic.Framework.sln
		SccProjectName11 = Epic.Framework.Data.Mongo.10gen
		SccLocalPath11 = Epic.Framework.Data.Mongo.10gen
		SccProjectUniqueName12 = Epic.Solutions.Framework\\Epic.Solutions.Framework.csproj
		SccProjectTopLevelParentUniqueName12 = 20110124\u0020Epic.Framework.sln
		SccProjectName12 = Epic.Solutions.Framework
		SccLocalPath12 = Epic.Solutions.Framework
		SccProjectUniqueName13 = Epic.Solutions.Testing\\Epic.Solutions.Testing.csproj
		SccProjectTopLevelParentUniqueName13 = 20110124\u0020Epic.Framework.sln
		SccProjectName13 = Epic.Solutions.Testing
		SccLocalPath13 = Epic.Solutions.Testing
		SccProjectUniqueName14 = Epic.Solutions.Framework.UnitTestProject\\Epic.Solutions.Framework.UnitTestProject.csproj
		SccProjectTopLevelParentUniqueName14 = 20110124\u0020Epic.Framework.sln
		SccProjectName14 = Epic.Solutions.Framework.UnitTestProject
		SccLocalPath14 = Epic.Solutions.Framework.UnitTestProject
		SccProjectUniqueName15 = Epic.Solutions.Framework.ConsoleApplication\\Epic.Solutions.Framework.ConsoleApplication.csproj
		SccProjectTopLevelParentUniqueName15 = 20110124\u0020Epic.Framework.sln
		SccProjectName15 = Epic.Solutions.Framework.ConsoleApplication
		SccLocalPath15 = Epic.Solutions.Framework.ConsoleApplication
		SccProjectUniqueName16 = Epic.Solutions.BuildProcessor\\Epic.Solutions.BuildProcessor.csproj
		SccProjectTopLevelParentUniqueName16 = 20110124\u0020Epic.Framework.sln
		SccProjectName16 = Epic.Solutions.BuildProcessor
		SccLocalPath16 = Epic.Solutions.BuildProcessor
		SccProjectUniqueName17 = OpenAPI\\Epic.Framework.OpenAPI\\Epic.Framework.OpenAPI.csproj
		SccProjectTopLevelParentUniqueName17 = 20110124\u0020Epic.Framework.sln
		SccProjectName17 = OpenAPI/Epic.Framework.OpenAPI
		SccLocalPath17 = OpenAPI\\Epic.Framework.OpenAPI
		SccProjectUniqueName18 = OpenAPI\\Epic.Solutions.OpenAPI.Service\\Epic.Solutions.OpenAPI.Service.csproj
		SccProjectTopLevelParentUniqueName18 = 20110124\u0020Epic.Framework.sln
		SccProjectName18 = OpenAPI/Epic.Solutions.OpenAPI.Service
		SccLocalPath18 = OpenAPI\\Epic.Solutions.OpenAPI.Service
		SccProjectUniqueName19 = Data\\Epic.Framework.Data.ConsoleApplication\\Epic.Framework.Data.ConsoleApplication.csproj
		SccProjectTopLevelParentUniqueName19 = 20110124\u0020Epic.Framework.sln
		SccProjectName19 = Data/Epic.Framework.Data.ConsoleApplication
		SccLocalPath19 = Data\\Epic.Framework.Data.ConsoleApplication
		SccProjectUniqueName20 = Data\\Epic.Framework.Data.SqlServer\\Epic.Framework.Data.SqlServer.csproj
		SccProjectTopLevelParentUniqueName20 = 20110124\u0020Epic.Framework.sln
		SccProjectName20 = Data/Epic.Framework.Data.SqlServer
		SccLocalPath20 = Data\\Epic.Framework.Data.SqlServer
		SccProjectUniqueName21 = Net\\Epic.Net.Framework\\Epic.Net.Framework.csproj
		SccProjectTopLevelParentUniqueName21 = 20110124\u0020Epic.Framework.sln
		SccProjectName21 = Net/Epic.Net.Framework
		SccLocalPath21 = Net\\Epic.Net.Framework
	EndGlobalSection
EndGlobal
